// !$*UTF8*$!
{
	archiveVersion = 1;
	classes = {
	};
	objectVersion = 55;
	objects = {

/* Begin PBXBuildFile section */
		5584AF2129410AEC00F18E47 /* ListController.swift in Sources */ = {isa = PBXBuildFile; fileRef = 5584AF2029410AEC00F18E47 /* ListController.swift */; };
		5584AF2329410D4F00F18E47 /* NewsViewController.swift in Sources */ = {isa = PBXBuildFile; fileRef = 5584AF2229410D4F00F18E47 /* NewsViewController.swift */; };
		55A148582921AF260015A329 /* NotesViewController.swift in Sources */ = {isa = PBXBuildFile; fileRef = 55A148572921AF260015A329 /* NotesViewController.swift */; };
		55A1485B2921B1AD0015A329 /* AddNoteCell.swift in Sources */ = {isa = PBXBuildFile; fileRef = 55A1485A2921B1AD0015A329 /* AddNoteCell.swift */; };
		55D59635290D62750053B16B /* AppDelegate.swift in Sources */ = {isa = PBXBuildFile; fileRef = 55D59634290D62750053B16B /* AppDelegate.swift */; };
		55D59637290D62750053B16B /* SceneDelegate.swift in Sources */ = {isa = PBXBuildFile; fileRef = 55D59636290D62750053B16B /* SceneDelegate.swift */; };
		55D59639290D62750053B16B /* WelcomeViewController.swift in Sources */ = {isa = PBXBuildFile; fileRef = 55D59638290D62750053B16B /* WelcomeViewController.swift */; };
		55D5963E290D62770053B16B /* Assets.xcassets in Resources */ = {isa = PBXBuildFile; fileRef = 55D5963D290D62770053B16B /* Assets.xcassets */; };
		55D5964C290D637E0053B16B /* ColorPaletteView.swift in Sources */ = {isa = PBXBuildFile; fileRef = 55D5964B290D637E0053B16B /* ColorPaletteView.swift */; };
		55D59651290D64E30053B16B /* UIView+Pin.swift in Sources */ = {isa = PBXBuildFile; fileRef = 55D59650290D64E20053B16B /* UIView+Pin.swift */; };
		55D59653290DA3250053B16B /* ColorPaletteViewExtension.swift in Sources */ = {isa = PBXBuildFile; fileRef = 55D59652290DA3250053B16B /* ColorPaletteViewExtension.swift */; };
		55D59655290DA6190053B16B /* UIColorExtension.swift in Sources */ = {isa = PBXBuildFile; fileRef = 55D59654290DA6190053B16B /* UIColorExtension.swift */; };
/* End PBXBuildFile section */

/* Begin PBXFileReference section */
		5584AF2029410AEC00F18E47 /* ListController.swift */ = {isa = PBXFileReference; lastKnownFileType = sourcecode.swift; path = ListController.swift; sourceTree = "<group>"; };
		5584AF2229410D4F00F18E47 /* NewsViewController.swift */ = {isa = PBXFileReference; lastKnownFileType = sourcecode.swift; path = NewsViewController.swift; sourceTree = "<group>"; };
		55A148572921AF260015A329 /* NotesViewController.swift */ = {isa = PBXFileReference; lastKnownFileType = sourcecode.swift; path = NotesViewController.swift; sourceTree = "<group>"; };
		55A1485A2921B1AD0015A329 /* AddNoteCell.swift */ = {isa = PBXFileReference; lastKnownFileType = sourcecode.swift; path = AddNoteCell.swift; sourceTree = "<group>"; };
		55D59631290D62750053B16B /* evosipova_3PW3.app */ = {isa = PBXFileReference; explicitFileType = wrapper.application; includeInIndex = 0; path = evosipova_3PW3.app; sourceTree = BUILT_PRODUCTS_DIR; };
		55D59634290D62750053B16B /* AppDelegate.swift */ = {isa = PBXFileReference; lastKnownFileType = sourcecode.swift; path = AppDelegate.swift; sourceTree = "<group>"; };
		55D59636290D62750053B16B /* SceneDelegate.swift */ = {isa = PBXFileReference; lastKnownFileType = sourcecode.swift; path = SceneDelegate.swift; sourceTree = "<group>"; };
		55D59638290D62750053B16B /* WelcomeViewController.swift */ = {isa = PBXFileReference; lastKnownFileType = sourcecode.swift; path = WelcomeViewController.swift; sourceTree = "<group>"; };
		55D5963D290D62770053B16B /* Assets.xcassets */ = {isa = PBXFileReference; lastKnownFileType = folder.assetcatalog; path = Assets.xcassets; sourceTree = "<group>"; };
		55D59642290D62770053B16B /* Info.plist */ = {isa = PBXFileReference; lastKnownFileType = text.plist.xml; path = Info.plist; sourceTree = "<group>"; };
		55D5964B290D637E0053B16B /* ColorPaletteView.swift */ = {isa = PBXFileReference; lastKnownFileType = sourcecode.swift; path = ColorPaletteView.swift; sourceTree = "<group>"; };
		55D59650290D64E20053B16B /* UIView+Pin.swift */ = {isa = PBXFileReference; lastKnownFileType = sourcecode.swift; path = "UIView+Pin.swift"; sourceTree = "<group>"; };
		55D59652290DA3250053B16B /* ColorPaletteViewExtension.swift */ = {isa = PBXFileReference; lastKnownFileType = sourcecode.swift; path = ColorPaletteViewExtension.swift; sourceTree = "<group>"; };
		55D59654290DA6190053B16B /* UIColorExtension.swift */ = {isa = PBXFileReference; lastKnownFileType = sourcecode.swift; path = UIColorExtension.swift; sourceTree = "<group>"; };
/* End PBXFileReference section */

/* Begin PBXFrameworksBuildPhase section */
		55D5962E290D62750053B16B /* Frameworks */ = {
			isa = PBXFrameworksBuildPhase;
			buildActionMask = 2147483647;
			files = (
			);
			runOnlyForDeploymentPostprocessing = 0;
		};
/* End PBXFrameworksBuildPhase section */

/* Begin PBXGroup section */
		5584AF1D2941093F00F18E47 /* News */ = {
			isa = PBXGroup;
			children = (
				5584AF2029410AEC00F18E47 /* ListController.swift */,
				5584AF2229410D4F00F18E47 /* NewsViewController.swift */,
			);
			path = News;
			sourceTree = "<group>";
		};
		55A148592921B1740015A329 /*  Notes */ = {
			isa = PBXGroup;
			children = (
				55A148572921AF260015A329 /* NotesViewController.swift */,
				55A1485A2921B1AD0015A329 /* AddNoteCell.swift */,
			);
			path = " Notes";
			sourceTree = "<group>";
		};
		55D59628290D62750053B16B = {
			isa = PBXGroup;
			children = (
				55D59633290D62750053B16B /* evosipova_3PW3 */,
				55D59632290D62750053B16B /* Products */,
			);
			sourceTree = "<group>";
		};
		55D59632290D62750053B16B /* Products */ = {
			isa = PBXGroup;
			children = (
				55D59631290D62750053B16B /* evosipova_3PW3.app */,
			);
			name = Products;
			sourceTree = "<group>";
		};
		55D59633290D62750053B16B /* evosipova_3PW3 */ = {
			isa = PBXGroup;
			children = (
				55D59634290D62750053B16B /* AppDelegate.swift */,
				55D59636290D62750053B16B /* SceneDelegate.swift */,
				55D5964D290D64A60053B16B /* View */,
				55D59648290D62830053B16B /* Controller */,
				55A148592921B1740015A329 /*  Notes */,
				5584AF1D2941093F00F18E47 /* News */,
				55D5963D290D62770053B16B /* Assets.xcassets */,
				55D59642290D62770053B16B /* Info.plist */,
			);
			path = evosipova_3PW3;
			sourceTree = "<group>";
		};
		55D59648290D62830053B16B /* Controller */ = {
			isa = PBXGroup;
			children = (
				55D59638290D62750053B16B /* WelcomeViewController.swift */,
			);
			path = Controller;
			sourceTree = "<group>";
		};
		55D5964D290D64A60053B16B /* View */ = {
			isa = PBXGroup;
			children = (
				55D5964B290D637E0053B16B /* ColorPaletteView.swift */,
				55D59650290D64E20053B16B /* UIView+Pin.swift */,
				55D59652290DA3250053B16B /* ColorPaletteViewExtension.swift */,
				55D59654290DA6190053B16B /* UIColorExtension.swift */,
			);
			path = View;
			sourceTree = "<group>";
		};
/* End PBXGroup section */

/* Begin PBXNativeTarget section */
		55D59630290D62750053B16B /* evosipova_3PW3 */ = {
			isa = PBXNativeTarget;
			buildConfigurationList = 55D59645290D62770053B16B /* Build configuration list for PBXNativeTarget "evosipova_3PW3" */;
			buildPhases = (
				55D5962D290D62750053B16B /* Sources */,
				55D5962E290D62750053B16B /* Frameworks */,
				55D5962F290D62750053B16B /* Resources */,
			);
			buildRules = (
			);
			dependencies = (
			);
			name = evosipova_3PW3;
			productName = evosipova_3PW3;
			productReference = 55D59631290D62750053B16B /* evosipova_3PW3.app */;
			productType = "com.apple.product-type.application";
		};
/* End PBXNativeTarget section */

/* Begin PBXProject section */
		55D59629290D62750053B16B /* Project object */ = {
			isa = PBXProject;
			attributes = {
				BuildIndependentTargetsInParallel = 1;
				LastSwiftUpdateCheck = 1340;
				LastUpgradeCheck = 1340;
				TargetAttributes = {
					55D59630290D62750053B16B = {
						CreatedOnToolsVersion = 13.4.1;
					};
				};
			};
			buildConfigurationList = 55D5962C290D62750053B16B /* Build configuration list for PBXProject "evosipova_3PW3" */;
			compatibilityVersion = "Xcode 13.0";
			developmentRegion = en;
			hasScannedForEncodings = 0;
			knownRegions = (
				en,
				Base,
			);
			mainGroup = 55D59628290D62750053B16B;
			productRefGroup = 55D59632290D62750053B16B /* Products */;
			projectDirPath = "";
			projectRoot = "";
			targets = (
				55D59630290D62750053B16B /* evosipova_3PW3 */,
			);
		};
/* End PBXProject section */

/* Begin PBXResourcesBuildPhase section */
		55D5962F290D62750053B16B /* Resources */ = {
			isa = PBXResourcesBuildPhase;
			buildActionMask = 2147483647;
			files = (
				55D5963E290D62770053B16B /* Assets.xcassets in Resources */,
			);
			runOnlyForDeploymentPostprocessing = 0;
		};
/* End PBXResourcesBuildPhase section */

/* Begin PBXSourcesBuildPhase section */
		55D5962D290D62750053B16B /* Sources */ = {
			isa = PBXSourcesBuildPhase;
			buildActionMask = 2147483647;
			files = (
				55D59653290DA3250053B16B /* ColorPaletteViewExtension.swift in Sources */,
				55D59655290DA6190053B16B /* UIColorExtension.swift in Sources */,
				55D59651290D64E30053B16B /* UIView+Pin.swift in Sources */,
				5584AF2329410D4F00F18E47 /* NewsViewController.swift in Sources */,
				55D59639290D62750053B16B /* WelcomeViewController.swift in Sources */,
				55A148582921AF260015A329 /* NotesViewController.swift in Sources */,
				55D59635290D62750053B16B /* AppDelegate.swift in Sources */,
				55D5964C290D637E0053B16B /* ColorPaletteView.swift in Sources */,
				55A1485B2921B1AD0015A329 /* AddNoteCell.swift in Sources */,
				5584AF2129410AEC00F18E47 /* ListController.swift in Sources */,
				55D59637290D62750053B16B /* SceneDelegate.swift in Sources */,
			);
			runOnlyForDeploymentPostprocessing = 0;
		};
/* End PBXSourcesBuildPhase section */

/* Begin XCBuildConfiguration section */
		55D59643290D62770053B16B /* Debug */ = {
			isa = XCBuildConfiguration;
			buildSettings = {
				ALWAYS_SEARCH_USER_PATHS = NO;
				CLANG_ANALYZER_NONNULL = YES;
				CLANG_ANALYZER_NUMBER_OBJECT_CONVERSION = YES_AGGRESSIVE;
				CLANG_CXX_LANGUAGE_STANDARD = "gnu++17";
				CLANG_ENABLE_MODULES = YES;
				CLANG_ENABLE_OBJC_ARC = YES;
				CLANG_ENABLE_OBJC_WEAK = YES;
				CLANG_WARN_BLOCK_CAPTURE_AUTORELEASING = YES;
				CLANG_WARN_BOOL_CONVERSION = YES;
				CLANG_WARN_COMMA = YES;
				CLANG_WARN_CONSTANT_CONVERSION = YES;
				CLANG_WARN_DEPRECATED_OBJC_IMPLEMENTATIONS = YES;
				CLANG_WARN_DIRECT_OBJC_ISA_USAGE = YES_ERROR;
				CLANG_WARN_DOCUMENTATION_COMMENTS = YES;
				CLANG_WARN_EMPTY_BODY = YES;
				CLANG_WARN_ENUM_CONVERSION = YES;
				CLANG_WARN_INFINITE_RECURSION = YES;
				CLANG_WARN_INT_CONVERSION = YES;
				CLANG_WARN_NON_LITERAL_NULL_CONVERSION = YES;
				CLANG_WARN_OBJC_IMPLICIT_RETAIN_SELF = YES;
				CLANG_WARN_OBJC_LITERAL_CONVERSION = YES;
				CLANG_WARN_OBJC_ROOT_CLASS = YES_ERROR;
				CLANG_WARN_QUOTED_INCLUDE_IN_FRAMEWORK_HEADER = YES;
				CLANG_WARN_RANGE_LOOP_ANALYSIS = YES;
				CLANG_WARN_STRICT_PROTOTYPES = YES;
				CLANG_WARN_SUSPICIOUS_MOVE = YES;
				CLANG_WARN_UNGUARDED_AVAILABILITY = YES_AGGRESSIVE;
				CLANG_WARN_UNREACHABLE_CODE = YES;
				CLANG_WARN__DUPLICATE_METHOD_MATCH = YES;
				COPY_PHASE_STRIP = NO;
				DEBUG_INFORMATION_FORMAT = dwarf;
				ENABLE_STRICT_OBJC_MSGSEND = YES;
				ENABLE_TESTABILITY = YES;
				GCC_C_LANGUAGE_STANDARD = gnu11;
				GCC_DYNAMIC_NO_PIC = NO;
				GCC_NO_COMMON_BLOCKS = YES;
				GCC_OPTIMIZATION_LEVEL = 0;
				GCC_PREPROCESSOR_DEFINITIONS = (
					"DEBUG=1",
					"$(inherited)",
				);
				GCC_WARN_64_TO_32_BIT_CONVERSION = YES;
				GCC_WARN_ABOUT_RETURN_TYPE = YES_ERROR;
				GCC_WARN_UNDECLARED_SELECTOR = YES;
				GCC_WARN_UNINITIALIZED_AUTOS = YES_AGGRESSIVE;
				GCC_WARN_UNUSED_FUNCTION = YES;
				GCC_WARN_UNUSED_VARIABLE = YES;
				IPHONEOS_DEPLOYMENT_TARGET = 15.5;
				MTL_ENABLE_DEBUG_INFO = INCLUDE_SOURCE;
				MTL_FAST_MATH = YES;
				ONLY_ACTIVE_ARCH = YES;
				SDKROOT = iphoneos;
				SWIFT_ACTIVE_COMPILATION_CONDITIONS = DEBUG;
				SWIFT_OPTIMIZATION_LEVEL = "-Onone";
			};
			name = Debug;
		};
		55D59644290D62770053B16B /* Release */ = {
			isa = XCBuildConfiguration;
			buildSettings = {
				ALWAYS_SEARCH_USER_PATHS = NO;
				CLANG_ANALYZER_NONNULL = YES;
				CLANG_ANALYZER_NUMBER_OBJECT_CONVERSION = YES_AGGRESSIVE;
				CLANG_CXX_LANGUAGE_STANDARD = "gnu++17";
				CLANG_ENABLE_MODULES = YES;
				CLANG_ENABLE_OBJC_ARC = YES;
				CLANG_ENABLE_OBJC_WEAK = YES;
				CLANG_WARN_BLOCK_CAPTURE_AUTORELEASING = YES;
				CLANG_WARN_BOOL_CONVERSION = YES;
				CLANG_WARN_COMMA = YES;
				CLANG_WARN_CONSTANT_CONVERSION = YES;
				CLANG_WARN_DEPRECATED_OBJC_IMPLEMENTATIONS = YES;
				CLANG_WARN_DIRECT_OBJC_ISA_USAGE = YES_ERROR;
				CLANG_WARN_DOCUMENTATION_COMMENTS = YES;
				CLANG_WARN_EMPTY_BODY = YES;
				CLANG_WARN_ENUM_CONVERSION = YES;
				CLANG_WARN_INFINITE_RECURSION = YES;
				CLANG_WARN_INT_CONVERSION = YES;
				CLANG_WARN_NON_LITERAL_NULL_CONVERSION = YES;
				CLANG_WARN_OBJC_IMPLICIT_RETAIN_SELF = YES;
				CLANG_WARN_OBJC_LITERAL_CONVERSION = YES;
				CLANG_WARN_OBJC_ROOT_CLASS = YES_ERROR;
				CLANG_WARN_QUOTED_INCLUDE_IN_FRAMEWORK_HEADER = YES;
				CLANG_WARN_RANGE_LOOP_ANALYSIS = YES;
				CLANG_WARN_STRICT_PROTOTYPES = YES;
				CLANG_WARN_SUSPICIOUS_MOVE = YES;
				CLANG_WARN_UNGUARDED_AVAILABILITY = YES_AGGRESSIVE;
				CLANG_WARN_UNREACHABLE_CODE = YES;
				CLANG_WARN__DUPLICATE_METHOD_MATCH = YES;
				COPY_PHASE_STRIP = NO;
				DEBUG_INFORMATION_FORMAT = "dwarf-with-dsym";
				ENABLE_NS_ASSERTIONS = NO;
				ENABLE_STRICT_OBJC_MSGSEND = YES;
				GCC_C_LANGUAGE_STANDARD = gnu11;
				GCC_NO_COMMON_BLOCKS = YES;
				GCC_WARN_64_TO_32_BIT_CONVERSION = YES;
				GCC_WARN_ABOUT_RETURN_TYPE = YES_ERROR;
				GCC_WARN_UNDECLARED_SELECTOR = YES;
				GCC_WARN_UNINITIALIZED_AUTOS = YES_AGGRESSIVE;
				GCC_WARN_UNUSED_FUNCTION = YES;
				GCC_WARN_UNUSED_VARIABLE = YES;
				IPHONEOS_DEPLOYMENT_TARGET = 15.5;
				MTL_ENABLE_DEBUG_INFO = NO;
				MTL_FAST_MATH = YES;
				SDKROOT = iphoneos;
				SWIFT_COMPILATION_MODE = wholemodule;
				SWIFT_OPTIMIZATION_LEVEL = "-O";
				VALIDATE_PRODUCT = YES;
			};
			name = Release;
		};
		55D59646290D62770053B16B /* Debug */ = {
			isa = XCBuildConfiguration;
			buildSettings = {
				ASSETCATALOG_COMPILER_APPICON_NAME = AppIcon;
				ASSETCATALOG_COMPILER_GLOBAL_ACCENT_COLOR_NAME = AccentColor;
				CODE_SIGN_STYLE = Automatic;
				CURRENT_PROJECT_VERSION = 1;
				GENERATE_INFOPLIST_FILE = YES;
				INFOPLIST_FILE = evosipova_3PW3/Info.plist;
				INFOPLIST_KEY_UIApplicationSupportsIndirectInputEvents = YES;
				INFOPLIST_KEY_UILaunchStoryboardName = LaunchScreen;
				INFOPLIST_KEY_UISupportedInterfaceOrientations_iPad = "UIInterfaceOrientationPortrait UIInterfaceOrientationPortraitUpsideDown UIInterfaceOrientationLandscapeLeft UIInterfaceOrientationLandscapeRight";
				INFOPLIST_KEY_UISupportedInterfaceOrientations_iPhone = "UIInterfaceOrientationPortrait UIInterfaceOrientationLandscapeLeft UIInterfaceOrientationLandscapeRight";
				LD_RUNPATH_SEARCH_PATHS = (
					"$(inherited)",
					"@executable_path/Frameworks",
				);
				MARKETING_VERSION = 1.0;
				PRODUCT_BUNDLE_IDENTIFIER = "-.evosipova-3PW3";
				PRODUCT_NAME = "$(TARGET_NAME)";
				SWIFT_EMIT_LOC_STRINGS = YES;
				SWIFT_VERSION = 5.0;
				TARGETED_DEVICE_FAMILY = "1,2";
			};
			name = Debug;
		};
		55D59647290D62770053B16B /* Release */ = {
			isa = XCBuildConfiguration;
			buildSettings = {
				ASSETCATALOG_COMPILER_APPICON_NAME = AppIcon;
				ASSETCATALOG_COMPILER_GLOBAL_ACCENT_COLOR_NAME = AccentColor;
				CODE_SIGN_STYLE = Automatic;
				CURRENT_PROJECT_VERSION = 1;
				GENERATE_INFOPLIST_FILE = YES;
				INFOPLIST_FILE = evosipova_3PW3/Info.plist;
				INFOPLIST_KEY_UIApplicationSupportsIndirectInputEvents = YES;
				INFOPLIST_KEY_UILaunchStoryboardName = LaunchScreen;
				INFOPLIST_KEY_UISupportedInterfaceOrientations_iPad = "UIInterfaceOrientationPortrait UIInterfaceOrientationPortraitUpsideDown UIInterfaceOrientationLandscapeLeft UIInterfaceOrientationLandscapeRight";
				INFOPLIST_KEY_UISupportedInterfaceOrientations_iPhone = "UIInterfaceOrientationPortrait UIInterfaceOrientationLandscapeLeft UIInterfaceOrientationLandscapeRight";
				LD_RUNPATH_SEARCH_PATHS = (
					"$(inherited)",
					"@executable_path/Frameworks",
				);
				MARKETING_VERSION = 1.0;
				PRODUCT_BUNDLE_IDENTIFIER = "-.evosipova-3PW3";
				PRODUCT_NAME = "$(TARGET_NAME)";
				SWIFT_EMIT_LOC_STRINGS = YES;
				SWIFT_VERSION = 5.0;
				TARGETED_DEVICE_FAMILY = "1,2";
			};
			name = Release;
		};
/* End XCBuildConfiguration section */

/* Begin XCConfigurationList section */
		55D5962C290D62750053B16B /* Build configuration list for PBXProject "evosipova_3PW3" */ = {
			isa = XCConfigurationList;
			buildConfigurations = (
				55D59643290D62770053B16B /* Debug */,
				55D59644290D62770053B16B /* Release */,
			);
			defaultConfigurationIsVisible = 0;
			defaultConfigurationName = Release;
		};
		55D59645290D62770053B16B /* Build configuration list for PBXNativeTarget "evosipova_3PW3" */ = {
			isa = XCConfigurationList;
			buildConfigurations = (
				55D59646290D62770053B16B /* Debug */,
				55D59647290D62770053B16B /* Release */,
			);
			defaultConfigurationIsVisible = 0;
			defaultConfigurationName = Release;
		};
/* End XCConfigurationList section */
	};
	rootObject = 55D59629290D62750053B16B /* Project object */;
}
